// !$*UTF8*$!
{
	archiveVersion = 1;
	classes = {
	};
	objectVersion = 46;
	objects = {

/* Begin PBXBuildFile section */
		1D3623260D0F684500981E51 /* AppDelegate.m in Sources */ = {isa = PBXBuildFile; fileRef = 1D3623250D0F684500981E51 /* AppDelegate.m */; };
		28C286E10D94DF7D0034E888 /* CarViewController.m in Sources */ = {isa = PBXBuildFile; fileRef = 28C286E00D94DF7D0034E888 /* CarViewController.m */; };
		4D092C7D13956FB000760FB7 /* TextEditTableCell.m in Sources */ = {isa = PBXBuildFile; fileRef = 4D092C7C13956FB000760FB7 /* TextEditTableCell.m */; };
		4D0B2FFE1780D2B500644289 /* FuelStatisticsScrollView.m in Sources */ = {isa = PBXBuildFile; fileRef = 4D0B2FFC1780D1EE00644289 /* FuelStatisticsScrollView.m */; };
		4D0B7ACD15A9F2DF0012A62B /* NSDate+Kraftstoff.m in Sources */ = {isa = PBXBuildFile; fileRef = 4D0B7ACC15A9F2DF0012A62B /* NSDate+Kraftstoff.m */; };
		4D0C9CF01392904200430C04 /* MainWindow.xib in Resources */ = {isa = PBXBuildFile; fileRef = 4D0C9CF21392904200430C04 /* MainWindow.xib */; };
		4D0C9CF6139290CC00430C04 /* FuelCalculator.xib in Resources */ = {isa = PBXBuildFile; fileRef = 4D0C9CF8139290CC00430C04 /* FuelCalculator.xib */; };
		4D0C9CFF1392912100430C04 /* CarViewController.xib in Resources */ = {isa = PBXBuildFile; fileRef = 4D0C9D011392912100430C04 /* CarViewController.xib */; };
		4D0C9D021392912800430C04 /* FuelEventController.xib in Resources */ = {isa = PBXBuildFile; fileRef = 4D0C9D041392912800430C04 /* FuelEventController.xib */; };
		4D0C9D051392912B00430C04 /* FuelStatisticsPageController.xib in Resources */ = {isa = PBXBuildFile; fileRef = 4D0C9D071392912B00430C04 /* FuelStatisticsPageController.xib */; };
		4D0C9D0A1392916A00430C04 /* CarConfigurationController.xib in Resources */ = {isa = PBXBuildFile; fileRef = 4D0C9D0C1392916A00430C04 /* CarConfigurationController.xib */; };
		4D0C9D0F1392917F00430C04 /* FuelStatisticsViewController.xib in Resources */ = {isa = PBXBuildFile; fileRef = 4D0C9D111392917F00430C04 /* FuelStatisticsViewController.xib */; };
		4D184724123CF970008D7454 /* CarConfigurationController.m in Sources */ = {isa = PBXBuildFile; fileRef = 4D184722123CF970008D7454 /* CarConfigurationController.m */; };
		4D1899B614328AC0001434BD /* main.m in Sources */ = {isa = PBXBuildFile; fileRef = 4D1899B514328AC0001434BD /* main.m */; };
		4D19187113BF9A8300ADAED6 /* SwitchTableCell.m in Sources */ = {isa = PBXBuildFile; fileRef = 4D19187013BF9A8200ADAED6 /* SwitchTableCell.m */; };
		4D1B06CF14339BB70069B20A /* InfoPlist.strings in Resources */ = {isa = PBXBuildFile; fileRef = 4D1B06D114339BB70069B20A /* InfoPlist.strings */; };
		4D2199BE124608EE00FCED15 /* iTunesArtwork in Resources */ = {isa = PBXBuildFile; fileRef = 4D2199BD124608EE00FCED15 /* iTunesArtwork */; };
		4D2CD38E13E70E7B00B08A49 /* CSVParser.m in Sources */ = {isa = PBXBuildFile; fileRef = 4D2CD38D13E70E7B00B08A49 /* CSVParser.m */; };
		4D2CF10E15D69B33003962B7 /* Kraftstoffrechner.xcdatamodeld in Sources */ = {isa = PBXBuildFile; fileRef = 4D2CF10C15D69B33003962B7 /* Kraftstoffrechner.xcdatamodeld */; };
		4D3F199C176B2B5F003FE2C7 /* Media.xcassets in Resources */ = {isa = PBXBuildFile; fileRef = 4D3F199B176B2B5F003FE2C7 /* Media.xcassets */; };
		4D4EF383182450B1006A9DAE /* NSString+Kraftstoff.m in Sources */ = {isa = PBXBuildFile; fileRef = 4D4EF382182450B1006A9DAE /* NSString+Kraftstoff.m */; };
		4D58AD2512B00C4A002B7A71 /* FuelStatisticsPageController.m in Sources */ = {isa = PBXBuildFile; fileRef = 4D58AD2312B00C4A002B7A71 /* FuelStatisticsPageController.m */; };
		4D592708136DE3CF002174C8 /* EditableProxyPageCell.m in Sources */ = {isa = PBXBuildFile; fileRef = 4D592707136DE3CF002174C8 /* EditableProxyPageCell.m */; };
		4D5C57CA13046B76009C545E /* PageCellDescription.m in Sources */ = {isa = PBXBuildFile; fileRef = 4D5C57C913046B76009C545E /* PageCellDescription.m */; };
		4D5C57CD13047AAA009C545E /* NumberEditTableCell.m in Sources */ = {isa = PBXBuildFile; fileRef = 4D5C57CC13047AAA009C545E /* NumberEditTableCell.m */; };
		4D630C4112EEF86400134FD7 /* FuelCalculatorController.m in Sources */ = {isa = PBXBuildFile; fileRef = 4D630C4012EEF86400134FD7 /* FuelCalculatorController.m */; };
		4D7D4EC213A6092B002277A3 /* ConsumptionLabel.m in Sources */ = {isa = PBXBuildFile; fileRef = 4D7D4EC113A6092B002277A3 /* ConsumptionLabel.m */; };
		4D80796412A58D480082C40A /* DemoData.m in Sources */ = {isa = PBXBuildFile; fileRef = 4D80796312A58D480082C40A /* DemoData.m */; };
		4D8329E6140129A500E4F22F /* CSVImporter.m in Sources */ = {isa = PBXBuildFile; fileRef = 4D8329E5140129A500E4F22F /* CSVImporter.m */; };
		4D84D8AC136AAC95000F431F /* ConsumptionTableCell.m in Sources */ = {isa = PBXBuildFile; fileRef = 4D84D8AB136AAC95000F431F /* ConsumptionTableCell.m */; };
		4D84D8AF136B17BF000F431F /* CarTableCell.m in Sources */ = {isa = PBXBuildFile; fileRef = 4D84D8AE136B17BF000F431F /* CarTableCell.m */; };
		4D8DF13D150CE7E00088DDDC /* FuelStatisticsGraphViewController.m in Sources */ = {isa = PBXBuildFile; fileRef = 4D8DF13C150CE7E00088DDDC /* FuelStatisticsGraphViewController.m */; };
		4D8DF146150D58D20088DDDC /* FuelStatisticsTextViewController.m in Sources */ = {isa = PBXBuildFile; fileRef = 4D8DF145150D58D20088DDDC /* FuelStatisticsTextViewController.m */; };
		4D92C9D014324BA50092CF57 /* NSDecimalNumber+Kraftstoff.m in Sources */ = {isa = PBXBuildFile; fileRef = 4D92C9CF14324BA50092CF57 /* NSDecimalNumber+Kraftstoff.m */; };
		4D959D07142AA0EB0079A61A /* FuelEventEditor.xib in Resources */ = {isa = PBXBuildFile; fileRef = 4D959D09142AA0EB0079A61A /* FuelEventEditor.xib */; };
		4DA3BB5312F9D9B4000DBBB2 /* QuadInfoCell.m in Sources */ = {isa = PBXBuildFile; fileRef = 4DA3BB5212F9D9B4000DBBB2 /* QuadInfoCell.m */; };
		4DA74B64176A3A7C0042DC79 /* EditFlat.png in Resources */ = {isa = PBXBuildFile; fileRef = 4DA74B66176A3A7C0042DC79 /* EditFlat.png */; };
		4DA74B67176A3A8B0042DC79 /* EditFlat@2x.png in Resources */ = {isa = PBXBuildFile; fileRef = 4DA74B69176A3A8B0042DC79 /* EditFlat@2x.png */; };
		4DA74B74176A3C300042DC79 /* StartFlat.png in Resources */ = {isa = PBXBuildFile; fileRef = 4DA74B76176A3C300042DC79 /* StartFlat.png */; };
		4DA74B77176A3C380042DC79 /* StartFlat@2x.png in Resources */ = {isa = PBXBuildFile; fileRef = 4DA74B79176A3C380042DC79 /* StartFlat@2x.png */; };
		4DAAF4A115B4A41B0016FAD6 /* NonRotatingTabBarController.m in Sources */ = {isa = PBXBuildFile; fileRef = 4DAAF4A015B4A41B0016FAD6 /* NonRotatingTabBarController.m */; };
		4DAC5626130317DD00D02BEC /* PageCell.m in Sources */ = {isa = PBXBuildFile; fileRef = 4DAC5623130317DD00D02BEC /* PageCell.m */; };
		4DAC562A13032B1300D02BEC /* PageViewController.m in Sources */ = {isa = PBXBuildFile; fileRef = 4DAC562913032B1000D02BEC /* PageViewController.m */; };
		4DB4DA541367154C00AE03CC /* DateEditTableCell.m in Sources */ = {isa = PBXBuildFile; fileRef = 4DB4DA531367154C00AE03CC /* DateEditTableCell.m */; };
		4DB4DA651368601D00AE03CC /* EditablePageCell.m in Sources */ = {isa = PBXBuildFile; fileRef = 4DB4DA641368601D00AE03CC /* EditablePageCell.m */; };
		4DB4DA68136886BC00AE03CC /* EditablePageCellTextField.m in Sources */ = {isa = PBXBuildFile; fileRef = 4DB4DA67136886BC00AE03CC /* EditablePageCellTextField.m */; };
		4DCFE36A138EE2930051FEC9 /* Localizable.strings in Resources */ = {isa = PBXBuildFile; fileRef = 4DCFE36C138EE2930051FEC9 /* Localizable.strings */; };
		4DD5EE7D136DC90A00A2EF99 /* PickerImageView.m in Sources */ = {isa = PBXBuildFile; fileRef = 4DD5EE7C136DC90A00A2EF99 /* PickerImageView.m */; };
		4DDC187A1429EC8200383F92 /* FuelEventEditorController.m in Sources */ = {isa = PBXBuildFile; fileRef = 4DDC18791429EC8200383F92 /* FuelEventEditorController.m */; };
		4DE0454F123FA7AB009B19E3 /* FuelEventController.m in Sources */ = {isa = PBXBuildFile; fileRef = 4DE0454D123FA7AB009B19E3 /* FuelEventController.m */; };
		4DE5E432139A2D4E007EDB10 /* PickerTableCell.m in Sources */ = {isa = PBXBuildFile; fileRef = 4DE5E431139A2D4E007EDB10 /* PickerTableCell.m */; };
		4DE963BA12CD045C007E7E16 /* FuelStatisticsViewController.m in Sources */ = {isa = PBXBuildFile; fileRef = 4DE963B812CD045C007E7E16 /* FuelStatisticsViewController.m */; };
		4DF6DACD13C2868300703A1F /* AppWindow.m in Sources */ = {isa = PBXBuildFile; fileRef = 4DF6DACC13C2868300703A1F /* AppWindow.m */; };
/* End PBXBuildFile section */

/* Begin PBXFileReference section */
		1D3623240D0F684500981E51 /* AppDelegate.h */ = {isa = PBXFileReference; fileEncoding = 4; lastKnownFileType = sourcecode.c.h; lineEnding = 0; name = AppDelegate.h; path = Classes/AppDelegate.h; sourceTree = "<group>"; xcLanguageSpecificationIdentifier = xcode.lang.objcpp; };
		1D3623250D0F684500981E51 /* AppDelegate.m */ = {isa = PBXFileReference; fileEncoding = 4; lastKnownFileType = sourcecode.c.objc; lineEnding = 0; name = AppDelegate.m; path = Classes/AppDelegate.m; sourceTree = "<group>"; xcLanguageSpecificationIdentifier = xcode.lang.objc; };
		1D6058910D05DD3D006BFB54 /* kraftstoff.app */ = {isa = PBXFileReference; explicitFileType = wrapper.application; includeInIndex = 0; path = kraftstoff.app; sourceTree = BUILT_PRODUCTS_DIR; };
		28C286DF0D94DF7D0034E888 /* CarViewController.h */ = {isa = PBXFileReference; fileEncoding = 4; lastKnownFileType = sourcecode.c.h; lineEnding = 0; path = CarViewController.h; sourceTree = "<group>"; xcLanguageSpecificationIdentifier = xcode.lang.objcpp; };
		28C286E00D94DF7D0034E888 /* CarViewController.m */ = {isa = PBXFileReference; fileEncoding = 4; lastKnownFileType = sourcecode.c.objc; lineEnding = 0; path = CarViewController.m; sourceTree = "<group>"; xcLanguageSpecificationIdentifier = xcode.lang.objc; };
		4D092C7B13956FB000760FB7 /* TextEditTableCell.h */ = {isa = PBXFileReference; fileEncoding = 4; lastKnownFileType = sourcecode.c.h; lineEnding = 0; path = TextEditTableCell.h; sourceTree = "<group>"; xcLanguageSpecificationIdentifier = xcode.lang.objcpp; };
		4D092C7C13956FB000760FB7 /* TextEditTableCell.m */ = {isa = PBXFileReference; fileEncoding = 4; lastKnownFileType = sourcecode.c.objc; lineEnding = 0; path = TextEditTableCell.m; sourceTree = "<group>"; xcLanguageSpecificationIdentifier = xcode.lang.objc; };
		4D0B2FFB1780D1EE00644289 /* FuelStatisticsScrollView.h */ = {isa = PBXFileReference; lastKnownFileType = sourcecode.c.h; path = FuelStatisticsScrollView.h; sourceTree = "<group>"; };
		4D0B2FFC1780D1EE00644289 /* FuelStatisticsScrollView.m */ = {isa = PBXFileReference; lastKnownFileType = sourcecode.c.objc; path = FuelStatisticsScrollView.m; sourceTree = "<group>"; };
		4D0B7ACB15A9F2DF0012A62B /* NSDate+Kraftstoff.h */ = {isa = PBXFileReference; fileEncoding = 4; lastKnownFileType = sourcecode.c.h; path = "NSDate+Kraftstoff.h"; sourceTree = "<group>"; };
		4D0B7ACC15A9F2DF0012A62B /* NSDate+Kraftstoff.m */ = {isa = PBXFileReference; fileEncoding = 4; lastKnownFileType = sourcecode.c.objc; path = "NSDate+Kraftstoff.m"; sourceTree = "<group>"; };
		4D0C9CF11392904200430C04 /* en */ = {isa = PBXFileReference; lastKnownFileType = file.xib; name = en; path = en.lproj/MainWindow.xib; sourceTree = "<group>"; };
		4D0C9CF31392905B00430C04 /* de */ = {isa = PBXFileReference; lastKnownFileType = file.xib; name = de; path = de.lproj/MainWindow.xib; sourceTree = "<group>"; };
		4D0C9CF7139290CC00430C04 /* en */ = {isa = PBXFileReference; lastKnownFileType = file.xib; name = en; path = en.lproj/FuelCalculator.xib; sourceTree = "<group>"; };
		4D0C9D001392912100430C04 /* en */ = {isa = PBXFileReference; lastKnownFileType = file.xib; name = en; path = en.lproj/CarViewController.xib; sourceTree = "<group>"; };
		4D0C9D031392912800430C04 /* en */ = {isa = PBXFileReference; lastKnownFileType = file.xib; name = en; path = en.lproj/FuelEventController.xib; sourceTree = "<group>"; };
		4D0C9D061392912B00430C04 /* en */ = {isa = PBXFileReference; lastKnownFileType = file.xib; name = en; path = en.lproj/FuelStatisticsPageController.xib; sourceTree = "<group>"; };
		4D0C9D0B1392916A00430C04 /* en */ = {isa = PBXFileReference; lastKnownFileType = file.xib; name = en; path = en.lproj/CarConfigurationController.xib; sourceTree = "<group>"; };
		4D0C9D101392917F00430C04 /* en */ = {isa = PBXFileReference; lastKnownFileType = file.xib; name = en; path = en.lproj/FuelStatisticsViewController.xib; sourceTree = "<group>"; };
		4D0C9D12139291A600430C04 /* de */ = {isa = PBXFileReference; lastKnownFileType = file.xib; name = de; path = de.lproj/FuelStatisticsViewController.xib; sourceTree = "<group>"; };
		4D184721123CF970008D7454 /* CarConfigurationController.h */ = {isa = PBXFileReference; fileEncoding = 4; lastKnownFileType = sourcecode.c.h; lineEnding = 0; path = CarConfigurationController.h; sourceTree = "<group>"; xcLanguageSpecificationIdentifier = xcode.lang.objcpp; };
		4D184722123CF970008D7454 /* CarConfigurationController.m */ = {isa = PBXFileReference; fileEncoding = 4; lastKnownFileType = sourcecode.c.objc; lineEnding = 0; path = CarConfigurationController.m; sourceTree = "<group>"; xcLanguageSpecificationIdentifier = xcode.lang.objc; };
		4D1899B514328AC0001434BD /* main.m */ = {isa = PBXFileReference; fileEncoding = 4; lastKnownFileType = sourcecode.c.objc; path = main.m; sourceTree = "<group>"; };
		4D19186F13BF9A8200ADAED6 /* SwitchTableCell.h */ = {isa = PBXFileReference; fileEncoding = 4; lastKnownFileType = sourcecode.c.h; path = SwitchTableCell.h; sourceTree = "<group>"; };
		4D19187013BF9A8200ADAED6 /* SwitchTableCell.m */ = {isa = PBXFileReference; fileEncoding = 4; lastKnownFileType = sourcecode.c.objc; lineEnding = 0; path = SwitchTableCell.m; sourceTree = "<group>"; xcLanguageSpecificationIdentifier = xcode.lang.objc; };
		4D1B06D014339BB70069B20A /* en */ = {isa = PBXFileReference; lastKnownFileType = text.plist.strings; name = en; path = en.lproj/InfoPlist.strings; sourceTree = "<group>"; };
		4D1B06D214339BBD0069B20A /* de */ = {isa = PBXFileReference; lastKnownFileType = text.plist.strings; name = de; path = de.lproj/InfoPlist.strings; sourceTree = "<group>"; };
		4D2199BD124608EE00FCED15 /* iTunesArtwork */ = {isa = PBXFileReference; lastKnownFileType = file; path = iTunesArtwork; sourceTree = "<group>"; };
		4D2CD38C13E70E7B00B08A49 /* CSVParser.h */ = {isa = PBXFileReference; fileEncoding = 4; lastKnownFileType = sourcecode.c.h; path = CSVParser.h; sourceTree = "<group>"; };
		4D2CD38D13E70E7B00B08A49 /* CSVParser.m */ = {isa = PBXFileReference; fileEncoding = 4; lastKnownFileType = sourcecode.c.objc; path = CSVParser.m; sourceTree = "<group>"; };
		4D2CF10D15D69B33003962B7 /* Kraftstoffrechner.xcdatamodel */ = {isa = PBXFileReference; lastKnownFileType = wrapper.xcdatamodel; path = Kraftstoffrechner.xcdatamodel; sourceTree = "<group>"; };
		4D3B48A8157803CE009E76FD /* kraftstoff-Info.plist */ = {isa = PBXFileReference; lastKnownFileType = text.plist.xml; path = "kraftstoff-Info.plist"; sourceTree = "<group>"; };
		4D3F199B176B2B5F003FE2C7 /* Media.xcassets */ = {isa = PBXFileReference; lastKnownFileType = folder.assetcatalog; name = Media.xcassets; path = kraftstoff/Media.xcassets; sourceTree = "<group>"; };
		4D4EF381182450B1006A9DAE /* NSString+Kraftstoff.h */ = {isa = PBXFileReference; fileEncoding = 4; lastKnownFileType = sourcecode.c.h; path = "NSString+Kraftstoff.h"; sourceTree = "<group>"; };
		4D4EF382182450B1006A9DAE /* NSString+Kraftstoff.m */ = {isa = PBXFileReference; fileEncoding = 4; lastKnownFileType = sourcecode.c.objc; path = "NSString+Kraftstoff.m"; sourceTree = "<group>"; };
		4D58AD2212B00C4A002B7A71 /* FuelStatisticsPageController.h */ = {isa = PBXFileReference; fileEncoding = 4; lastKnownFileType = sourcecode.c.h; lineEnding = 0; path = FuelStatisticsPageController.h; sourceTree = "<group>"; xcLanguageSpecificationIdentifier = xcode.lang.objcpp; };
		4D58AD2312B00C4A002B7A71 /* FuelStatisticsPageController.m */ = {isa = PBXFileReference; fileEncoding = 4; lastKnownFileType = sourcecode.c.objc; lineEnding = 0; path = FuelStatisticsPageController.m; sourceTree = "<group>"; xcLanguageSpecificationIdentifier = xcode.lang.objc; };
		4D592706136DE3CF002174C8 /* EditableProxyPageCell.h */ = {isa = PBXFileReference; fileEncoding = 4; lastKnownFileType = sourcecode.c.h; lineEnding = 0; path = EditableProxyPageCell.h; sourceTree = "<group>"; xcLanguageSpecificationIdentifier = xcode.lang.objcpp; };
		4D592707136DE3CF002174C8 /* EditableProxyPageCell.m */ = {isa = PBXFileReference; fileEncoding = 4; lastKnownFileType = sourcecode.c.objc; lineEnding = 0; path = EditableProxyPageCell.m; sourceTree = "<group>"; xcLanguageSpecificationIdentifier = xcode.lang.objc; };
		4D5B94E216484CC2008BDDD7 /* Kraftstoffrechner 1.0.10.xcdatamodel */ = {isa = PBXFileReference; lastKnownFileType = wrapper.xcdatamodel; path = "Kraftstoffrechner 1.0.10.xcdatamodel"; sourceTree = "<group>"; };
		4D5C57C813046B76009C545E /* PageCellDescription.h */ = {isa = PBXFileReference; fileEncoding = 4; lastKnownFileType = sourcecode.c.h; lineEnding = 0; path = PageCellDescription.h; sourceTree = "<group>"; xcLanguageSpecificationIdentifier = xcode.lang.objcpp; };
		4D5C57C913046B76009C545E /* PageCellDescription.m */ = {isa = PBXFileReference; fileEncoding = 4; lastKnownFileType = sourcecode.c.objc; lineEnding = 0; path = PageCellDescription.m; sourceTree = "<group>"; xcLanguageSpecificationIdentifier = xcode.lang.objc; };
		4D5C57CB13047AAA009C545E /* NumberEditTableCell.h */ = {isa = PBXFileReference; fileEncoding = 4; lastKnownFileType = sourcecode.c.h; lineEnding = 0; path = NumberEditTableCell.h; sourceTree = "<group>"; xcLanguageSpecificationIdentifier = xcode.lang.objcpp; };
		4D5C57CC13047AAA009C545E /* NumberEditTableCell.m */ = {isa = PBXFileReference; fileEncoding = 4; lastKnownFileType = sourcecode.c.objc; lineEnding = 0; path = NumberEditTableCell.m; sourceTree = "<group>"; xcLanguageSpecificationIdentifier = xcode.lang.objc; };
		4D630C3F12EEF86400134FD7 /* FuelCalculatorController.h */ = {isa = PBXFileReference; fileEncoding = 4; lastKnownFileType = sourcecode.c.h; lineEnding = 0; path = FuelCalculatorController.h; sourceTree = "<group>"; xcLanguageSpecificationIdentifier = xcode.lang.objcpp; };
		4D630C4012EEF86400134FD7 /* FuelCalculatorController.m */ = {isa = PBXFileReference; fileEncoding = 4; lastKnownFileType = sourcecode.c.objc; lineEnding = 0; path = FuelCalculatorController.m; sourceTree = "<group>"; xcLanguageSpecificationIdentifier = xcode.lang.objc; };
		4D7D4EC013A6092B002277A3 /* ConsumptionLabel.h */ = {isa = PBXFileReference; fileEncoding = 4; lastKnownFileType = sourcecode.c.h; lineEnding = 0; path = ConsumptionLabel.h; sourceTree = "<group>"; xcLanguageSpecificationIdentifier = xcode.lang.objcpp; };
		4D7D4EC113A6092B002277A3 /* ConsumptionLabel.m */ = {isa = PBXFileReference; fileEncoding = 4; lastKnownFileType = sourcecode.c.objc; lineEnding = 0; path = ConsumptionLabel.m; sourceTree = "<group>"; xcLanguageSpecificationIdentifier = xcode.lang.objc; };
		4D80796212A58D480082C40A /* DemoData.h */ = {isa = PBXFileReference; fileEncoding = 4; lastKnownFileType = sourcecode.c.h; lineEnding = 0; path = DemoData.h; sourceTree = "<group>"; xcLanguageSpecificationIdentifier = xcode.lang.objcpp; };
		4D80796312A58D480082C40A /* DemoData.m */ = {isa = PBXFileReference; fileEncoding = 4; lastKnownFileType = sourcecode.c.objc; lineEnding = 0; path = DemoData.m; sourceTree = "<group>"; xcLanguageSpecificationIdentifier = xcode.lang.objc; };
		4D8329E4140129A500E4F22F /* CSVImporter.h */ = {isa = PBXFileReference; fileEncoding = 4; lastKnownFileType = sourcecode.c.h; path = CSVImporter.h; sourceTree = "<group>"; };
		4D8329E5140129A500E4F22F /* CSVImporter.m */ = {isa = PBXFileReference; fileEncoding = 4; lastKnownFileType = sourcecode.c.objc; path = CSVImporter.m; sourceTree = "<group>"; };
		4D84D8AA136AAC95000F431F /* ConsumptionTableCell.h */ = {isa = PBXFileReference; fileEncoding = 4; lastKnownFileType = sourcecode.c.h; lineEnding = 0; path = ConsumptionTableCell.h; sourceTree = "<group>"; xcLanguageSpecificationIdentifier = xcode.lang.objcpp; };
		4D84D8AB136AAC95000F431F /* ConsumptionTableCell.m */ = {isa = PBXFileReference; fileEncoding = 4; lastKnownFileType = sourcecode.c.objc; lineEnding = 0; path = ConsumptionTableCell.m; sourceTree = "<group>"; xcLanguageSpecificationIdentifier = xcode.lang.objc; };
		4D84D8AD136B17BE000F431F /* CarTableCell.h */ = {isa = PBXFileReference; fileEncoding = 4; lastKnownFileType = sourcecode.c.h; lineEnding = 0; path = CarTableCell.h; sourceTree = "<group>"; xcLanguageSpecificationIdentifier = xcode.lang.objcpp; };
		4D84D8AE136B17BF000F431F /* CarTableCell.m */ = {isa = PBXFileReference; fileEncoding = 4; lastKnownFileType = sourcecode.c.objc; lineEnding = 0; path = CarTableCell.m; sourceTree = "<group>"; xcLanguageSpecificationIdentifier = xcode.lang.objc; };
		4D8DF13B150CE7E00088DDDC /* FuelStatisticsGraphViewController.h */ = {isa = PBXFileReference; fileEncoding = 4; lastKnownFileType = sourcecode.c.h; path = FuelStatisticsGraphViewController.h; sourceTree = "<group>"; };
		4D8DF13C150CE7E00088DDDC /* FuelStatisticsGraphViewController.m */ = {isa = PBXFileReference; fileEncoding = 4; lastKnownFileType = sourcecode.c.objc; path = FuelStatisticsGraphViewController.m; sourceTree = "<group>"; };
		4D8DF13F150D03FB0088DDDC /* FuelStatisticsViewControllerPrivateMethods.h */ = {isa = PBXFileReference; lastKnownFileType = sourcecode.c.h; path = FuelStatisticsViewControllerPrivateMethods.h; sourceTree = "<group>"; };
		4D8DF144150D58D20088DDDC /* FuelStatisticsTextViewController.h */ = {isa = PBXFileReference; fileEncoding = 4; lastKnownFileType = sourcecode.c.h; path = FuelStatisticsTextViewController.h; sourceTree = "<group>"; };
		4D8DF145150D58D20088DDDC /* FuelStatisticsTextViewController.m */ = {isa = PBXFileReference; fileEncoding = 4; lastKnownFileType = sourcecode.c.objc; lineEnding = 0; path = FuelStatisticsTextViewController.m; sourceTree = "<group>"; xcLanguageSpecificationIdentifier = xcode.lang.objc; };
		4D92C9CE14324BA50092CF57 /* NSDecimalNumber+Kraftstoff.h */ = {isa = PBXFileReference; fileEncoding = 4; lastKnownFileType = sourcecode.c.h; path = "NSDecimalNumber+Kraftstoff.h"; sourceTree = "<group>"; };
		4D92C9CF14324BA50092CF57 /* NSDecimalNumber+Kraftstoff.m */ = {isa = PBXFileReference; fileEncoding = 4; lastKnownFileType = sourcecode.c.objc; path = "NSDecimalNumber+Kraftstoff.m"; sourceTree = "<group>"; };
		4D959D08142AA0EB0079A61A /* en */ = {isa = PBXFileReference; lastKnownFileType = file.xib; name = en; path = en.lproj/FuelEventEditor.xib; sourceTree = "<group>"; };
		4DA3BB5112F9D9B4000DBBB2 /* QuadInfoCell.h */ = {isa = PBXFileReference; fileEncoding = 4; lastKnownFileType = sourcecode.c.h; lineEnding = 0; path = QuadInfoCell.h; sourceTree = "<group>"; xcLanguageSpecificationIdentifier = xcode.lang.objcpp; };
		4DA3BB5212F9D9B4000DBBB2 /* QuadInfoCell.m */ = {isa = PBXFileReference; fileEncoding = 4; lastKnownFileType = sourcecode.c.objc; lineEnding = 0; path = QuadInfoCell.m; sourceTree = "<group>"; xcLanguageSpecificationIdentifier = xcode.lang.objc; };
		4DA74B65176A3A7C0042DC79 /* en */ = {isa = PBXFileReference; lastKnownFileType = image.png; name = en; path = en.lproj/EditFlat.png; sourceTree = "<group>"; };
		4DA74B68176A3A8B0042DC79 /* en */ = {isa = PBXFileReference; lastKnownFileType = image.png; name = en; path = "en.lproj/EditFlat@2x.png"; sourceTree = "<group>"; };
		4DA74B6E176A3B5E0042DC79 /* de */ = {isa = PBXFileReference; lastKnownFileType = image.png; name = de; path = de.lproj/EditFlat.png; sourceTree = "<group>"; };
		4DA74B6F176A3B5E0042DC79 /* de */ = {isa = PBXFileReference; lastKnownFileType = image.png; name = de; path = "de.lproj/EditFlat@2x.png"; sourceTree = "<group>"; };
		4DA74B75176A3C300042DC79 /* en */ = {isa = PBXFileReference; lastKnownFileType = image.png; name = en; path = en.lproj/StartFlat.png; sourceTree = "<group>"; };
		4DA74B78176A3C380042DC79 /* en */ = {isa = PBXFileReference; lastKnownFileType = image.png; name = en; path = "en.lproj/StartFlat@2x.png"; sourceTree = "<group>"; };
		4DA74B7A176A3C7A0042DC79 /* de */ = {isa = PBXFileReference; lastKnownFileType = image.png; name = de; path = de.lproj/StartFlat.png; sourceTree = "<group>"; };
		4DA74B7B176A3C7A0042DC79 /* de */ = {isa = PBXFileReference; lastKnownFileType = image.png; name = de; path = "de.lproj/StartFlat@2x.png"; sourceTree = "<group>"; };
		4DAAF49F15B4A41B0016FAD6 /* NonRotatingTabBarController.h */ = {isa = PBXFileReference; fileEncoding = 4; lastKnownFileType = sourcecode.c.h; path = NonRotatingTabBarController.h; sourceTree = "<group>"; };
		4DAAF4A015B4A41B0016FAD6 /* NonRotatingTabBarController.m */ = {isa = PBXFileReference; fileEncoding = 4; lastKnownFileType = sourcecode.c.objc; path = NonRotatingTabBarController.m; sourceTree = "<group>"; };
		4DAC5622130317DD00D02BEC /* PageCell.h */ = {isa = PBXFileReference; fileEncoding = 4; lastKnownFileType = sourcecode.c.h; lineEnding = 0; path = PageCell.h; sourceTree = "<group>"; xcLanguageSpecificationIdentifier = xcode.lang.objcpp; };
		4DAC5623130317DD00D02BEC /* PageCell.m */ = {isa = PBXFileReference; fileEncoding = 4; lastKnownFileType = sourcecode.c.objc; lineEnding = 0; path = PageCell.m; sourceTree = "<group>"; xcLanguageSpecificationIdentifier = xcode.lang.objc; };
		4DAC562813032B0F00D02BEC /* PageViewController.h */ = {isa = PBXFileReference; fileEncoding = 4; lastKnownFileType = sourcecode.c.h; lineEnding = 0; path = PageViewController.h; sourceTree = "<group>"; xcLanguageSpecificationIdentifier = xcode.lang.objcpp; };
		4DAC562913032B1000D02BEC /* PageViewController.m */ = {isa = PBXFileReference; fileEncoding = 4; lastKnownFileType = sourcecode.c.objc; lineEnding = 0; path = PageViewController.m; sourceTree = "<group>"; xcLanguageSpecificationIdentifier = xcode.lang.objc; };
		4DB4DA521367154C00AE03CC /* DateEditTableCell.h */ = {isa = PBXFileReference; fileEncoding = 4; lastKnownFileType = sourcecode.c.h; lineEnding = 0; path = DateEditTableCell.h; sourceTree = "<group>"; xcLanguageSpecificationIdentifier = xcode.lang.objcpp; };
		4DB4DA531367154C00AE03CC /* DateEditTableCell.m */ = {isa = PBXFileReference; fileEncoding = 4; lastKnownFileType = sourcecode.c.objc; lineEnding = 0; path = DateEditTableCell.m; sourceTree = "<group>"; xcLanguageSpecificationIdentifier = xcode.lang.objc; };
		4DB4DA631368601D00AE03CC /* EditablePageCell.h */ = {isa = PBXFileReference; fileEncoding = 4; lastKnownFileType = sourcecode.c.h; lineEnding = 0; path = EditablePageCell.h; sourceTree = "<group>"; xcLanguageSpecificationIdentifier = xcode.lang.objcpp; };
		4DB4DA641368601D00AE03CC /* EditablePageCell.m */ = {isa = PBXFileReference; fileEncoding = 4; lastKnownFileType = sourcecode.c.objc; lineEnding = 0; path = EditablePageCell.m; sourceTree = "<group>"; xcLanguageSpecificationIdentifier = xcode.lang.objc; };
		4DB4DA66136886BB00AE03CC /* EditablePageCellTextField.h */ = {isa = PBXFileReference; fileEncoding = 4; lastKnownFileType = sourcecode.c.h; lineEnding = 0; path = EditablePageCellTextField.h; sourceTree = "<group>"; xcLanguageSpecificationIdentifier = xcode.lang.objcpp; };
		4DB4DA67136886BC00AE03CC /* EditablePageCellTextField.m */ = {isa = PBXFileReference; fileEncoding = 4; lastKnownFileType = sourcecode.c.objc; lineEnding = 0; path = EditablePageCellTextField.m; sourceTree = "<group>"; xcLanguageSpecificationIdentifier = xcode.lang.objc; };
		4DCFE36B138EE2930051FEC9 /* en */ = {isa = PBXFileReference; fileEncoding = 10; lastKnownFileType = text.plist.strings; name = en; path = en.lproj/Localizable.strings; sourceTree = "<group>"; };
		4DCFE36D138EE2AB0051FEC9 /* de */ = {isa = PBXFileReference; fileEncoding = 10; lastKnownFileType = text.plist.strings; lineEnding = 0; name = de; path = de.lproj/Localizable.strings; sourceTree = "<group>"; xcLanguageSpecificationIdentifier = xcode.lang.simpleColoring; };
		4DD5EE7B136DC90A00A2EF99 /* PickerImageView.h */ = {isa = PBXFileReference; fileEncoding = 4; lastKnownFileType = sourcecode.c.h; lineEnding = 0; path = PickerImageView.h; sourceTree = "<group>"; xcLanguageSpecificationIdentifier = xcode.lang.objcpp; };
		4DD5EE7C136DC90A00A2EF99 /* PickerImageView.m */ = {isa = PBXFileReference; fileEncoding = 4; lastKnownFileType = sourcecode.c.objc; lineEnding = 0; path = PickerImageView.m; sourceTree = "<group>"; xcLanguageSpecificationIdentifier = xcode.lang.objc; };
		4DDC18781429EC8200383F92 /* FuelEventEditorController.h */ = {isa = PBXFileReference; fileEncoding = 4; lastKnownFileType = sourcecode.c.h; path = FuelEventEditorController.h; sourceTree = "<group>"; };
		4DDC18791429EC8200383F92 /* FuelEventEditorController.m */ = {isa = PBXFileReference; fileEncoding = 4; lastKnownFileType = sourcecode.c.objc; lineEnding = 0; path = FuelEventEditorController.m; sourceTree = "<group>"; xcLanguageSpecificationIdentifier = xcode.lang.objc; };
		4DE0454C123FA7AB009B19E3 /* FuelEventController.h */ = {isa = PBXFileReference; fileEncoding = 4; lastKnownFileType = sourcecode.c.h; lineEnding = 0; path = FuelEventController.h; sourceTree = "<group>"; xcLanguageSpecificationIdentifier = xcode.lang.objcpp; };
		4DE0454D123FA7AB009B19E3 /* FuelEventController.m */ = {isa = PBXFileReference; fileEncoding = 4; lastKnownFileType = sourcecode.c.objc; lineEnding = 0; path = FuelEventController.m; sourceTree = "<group>"; xcLanguageSpecificationIdentifier = xcode.lang.objc; };
		4DE5E430139A2D4E007EDB10 /* PickerTableCell.h */ = {isa = PBXFileReference; fileEncoding = 4; lastKnownFileType = sourcecode.c.h; lineEnding = 0; path = PickerTableCell.h; sourceTree = "<group>"; xcLanguageSpecificationIdentifier = xcode.lang.objcpp; };
		4DE5E431139A2D4E007EDB10 /* PickerTableCell.m */ = {isa = PBXFileReference; fileEncoding = 4; lastKnownFileType = sourcecode.c.objc; lineEnding = 0; path = PickerTableCell.m; sourceTree = "<group>"; xcLanguageSpecificationIdentifier = xcode.lang.objc; };
		4DE963B712CD045C007E7E16 /* FuelStatisticsViewController.h */ = {isa = PBXFileReference; fileEncoding = 4; lastKnownFileType = sourcecode.c.h; lineEnding = 0; path = FuelStatisticsViewController.h; sourceTree = "<group>"; xcLanguageSpecificationIdentifier = xcode.lang.objcpp; };
		4DE963B812CD045C007E7E16 /* FuelStatisticsViewController.m */ = {isa = PBXFileReference; fileEncoding = 4; lastKnownFileType = sourcecode.c.objc; lineEnding = 0; path = FuelStatisticsViewController.m; sourceTree = "<group>"; xcLanguageSpecificationIdentifier = xcode.lang.objc; };
		4DF6DACB13C2868300703A1F /* AppWindow.h */ = {isa = PBXFileReference; fileEncoding = 4; lastKnownFileType = sourcecode.c.h; name = AppWindow.h; path = Classes/AppWindow.h; sourceTree = "<group>"; };
		4DF6DACC13C2868300703A1F /* AppWindow.m */ = {isa = PBXFileReference; fileEncoding = 4; lastKnownFileType = sourcecode.c.objc; name = AppWindow.m; path = Classes/AppWindow.m; sourceTree = "<group>"; };
/* End PBXFileReference section */

/* Begin PBXFrameworksBuildPhase section */
		1D60588F0D05DD3D006BFB54 /* Frameworks */ = {
			isa = PBXFrameworksBuildPhase;
			buildActionMask = 2147483647;
			files = (
			);
			runOnlyForDeploymentPostprocessing = 0;
		};
/* End PBXFrameworksBuildPhase section */

/* Begin PBXGroup section */
		080E96DDFE201D6D7F000001 /* Classes */ = {
			isa = PBXGroup;
			children = (
				4D1899B714328AEF001434BD /* Cocoa Extensions */,
				4D8079DD12A5A0100082C40A /* InfoTables */,
				4DAC56211303178D00D02BEC /* PageTables */,
				4D630C3E12EEF83500134FD7 /* Calculator */,
				4D8079DB12A59FBE0082C40A /* Car View */,
				4D630C0812EEEE3400134FD7 /* Car Configurator */,
				4D8079DC12A59FE00082C40A /* FuelEvent View */,
				4DE9620512CA3A20007E7E16 /* FuelEvent Statistics */,
				4DDC18771429EC4400383F92 /* FuelEvent Editor */,
				4D8329E31401295600E4F22F /* CSV Import */,
			);
			path = Classes;
			sourceTree = "<group>";
		};
		19C28FACFE9D520D11CA2CBB /* Products */ = {
			isa = PBXGroup;
			children = (
				1D6058910D05DD3D006BFB54 /* kraftstoff.app */,
			);
			name = Products;
			sourceTree = "<group>";
		};
		29B97314FDCFA39411CA2CEA /* CustomTemplate */ = {
			isa = PBXGroup;
			children = (
				080E96DDFE201D6D7F000001 /* Classes */,
				29B97315FDCFA39411CA2CEA /* Other Sources */,
				29B97317FDCFA39411CA2CEA /* Resources */,
				19C28FACFE9D520D11CA2CBB /* Products */,
			);
			comments = "-D__IPHONE_OS_VERSION_MIN_REQUIRED=040000 in Other C Flags wegen Bug in SDK. Alternativ: System Default statt LLVM Compiler";
			name = CustomTemplate;
			sourceTree = "<group>";
		};
		29B97315FDCFA39411CA2CEA /* Other Sources */ = {
			isa = PBXGroup;
			children = (
				1D3623240D0F684500981E51 /* AppDelegate.h */,
				1D3623250D0F684500981E51 /* AppDelegate.m */,
				4DF6DACB13C2868300703A1F /* AppWindow.h */,
				4DF6DACC13C2868300703A1F /* AppWindow.m */,
				4D1899B514328AC0001434BD /* main.m */,
			);
			name = "Other Sources";
			sourceTree = "<group>";
		};
		29B97317FDCFA39411CA2CEA /* Resources */ = {
			isa = PBXGroup;
			children = (
				4D3F199B176B2B5F003FE2C7 /* Media.xcassets */,
				4D18471F123CF8B1008D7454 /* Bitmaps */,
				4D19186E13BF9A0100ADAED6 /* XIBs */,
				4DCFE36C138EE2930051FEC9 /* Localizable.strings */,
				4D1B06D114339BB70069B20A /* InfoPlist.strings */,
				4D3B48A8157803CE009E76FD /* kraftstoff-Info.plist */,
				4D2CF10C15D69B33003962B7 /* Kraftstoffrechner.xcdatamodeld */,
			);
			name = Resources;
			sourceTree = "<group>";
		};
		4D0B2FFD1780D1F900644289 /* Content Controllers */ = {
			isa = PBXGroup;
			children = (
				4DE963B712CD045C007E7E16 /* FuelStatisticsViewController.h */,
				4D8DF13F150D03FB0088DDDC /* FuelStatisticsViewControllerPrivateMethods.h */,
				4DE963B812CD045C007E7E16 /* FuelStatisticsViewController.m */,
				4D8DF144150D58D20088DDDC /* FuelStatisticsTextViewController.h */,
				4D8DF145150D58D20088DDDC /* FuelStatisticsTextViewController.m */,
				4D8DF13B150CE7E00088DDDC /* FuelStatisticsGraphViewController.h */,
				4D8DF13C150CE7E00088DDDC /* FuelStatisticsGraphViewController.m */,
			);
			name = "Content Controllers";
			sourceTree = "<group>";
		};
		4D18471F123CF8B1008D7454 /* Bitmaps */ = {
			isa = PBXGroup;
			children = (
				4D2199BD124608EE00FCED15 /* iTunesArtwork */,
				4D3F1988176B29BB003FE2C7 /* Help */,
			);
			name = Bitmaps;
			sourceTree = "<group>";
		};
		4D1899AA14328864001434BD /* NumberCell */ = {
			isa = PBXGroup;
			children = (
				4D5C57CB13047AAA009C545E /* NumberEditTableCell.h */,
				4D5C57CC13047AAA009C545E /* NumberEditTableCell.m */,
			);
			name = NumberCell;
			sourceTree = "<group>";
		};
		4D1899AB14328866001434BD /* DateCell */ = {
			isa = PBXGroup;
			children = (
				4DB4DA521367154C00AE03CC /* DateEditTableCell.h */,
				4DB4DA531367154C00AE03CC /* DateEditTableCell.m */,
			);
			name = DateCell;
			sourceTree = "<group>";
		};
		4D1899AC14328868001434BD /* CarSelectionCell */ = {
			isa = PBXGroup;
			children = (
				4D84D8AD136B17BE000F431F /* CarTableCell.h */,
				4D84D8AE136B17BF000F431F /* CarTableCell.m */,
				4DD5EE7B136DC90A00A2EF99 /* PickerImageView.h */,
				4DD5EE7C136DC90A00A2EF99 /* PickerImageView.m */,
			);
			name = CarSelectionCell;
			sourceTree = "<group>";
		};
		4D1899AD1432886A001434BD /* UISwitchCell */ = {
			isa = PBXGroup;
			children = (
				4D19186F13BF9A8200ADAED6 /* SwitchTableCell.h */,
				4D19187013BF9A8200ADAED6 /* SwitchTableCell.m */,
			);
			name = UISwitchCell;
			sourceTree = "<group>";
		};
		4D1899AF143288C0001434BD /* TextCell */ = {
			isa = PBXGroup;
			children = (
				4D092C7B13956FB000760FB7 /* TextEditTableCell.h */,
				4D092C7C13956FB000760FB7 /* TextEditTableCell.m */,
			);
			name = TextCell;
			sourceTree = "<group>";
		};
		4D1899B0143288C2001434BD /* PickerCell */ = {
			isa = PBXGroup;
			children = (
				4DE5E430139A2D4E007EDB10 /* PickerTableCell.h */,
				4DE5E431139A2D4E007EDB10 /* PickerTableCell.m */,
			);
			name = PickerCell;
			sourceTree = "<group>";
		};
		4D1899B1143288C4001434BD /* ConsumptionCell */ = {
			isa = PBXGroup;
			children = (
				4D84D8AA136AAC95000F431F /* ConsumptionTableCell.h */,
				4D84D8AB136AAC95000F431F /* ConsumptionTableCell.m */,
				4D7D4EC013A6092B002277A3 /* ConsumptionLabel.h */,
				4D7D4EC113A6092B002277A3 /* ConsumptionLabel.m */,
			);
			name = ConsumptionCell;
			sourceTree = "<group>";
		};
		4D1899B714328AEF001434BD /* Cocoa Extensions */ = {
			isa = PBXGroup;
			children = (
				4D0B7ACB15A9F2DF0012A62B /* NSDate+Kraftstoff.h */,
				4D0B7ACC15A9F2DF0012A62B /* NSDate+Kraftstoff.m */,
				4D92C9CE14324BA50092CF57 /* NSDecimalNumber+Kraftstoff.h */,
				4D92C9CF14324BA50092CF57 /* NSDecimalNumber+Kraftstoff.m */,
				4DAAF49F15B4A41B0016FAD6 /* NonRotatingTabBarController.h */,
				4DAAF4A015B4A41B0016FAD6 /* NonRotatingTabBarController.m */,
				4D4EF381182450B1006A9DAE /* NSString+Kraftstoff.h */,
				4D4EF382182450B1006A9DAE /* NSString+Kraftstoff.m */,
			);
			name = "Cocoa Extensions";
			sourceTree = "<group>";
		};
		4D19186E13BF9A0100ADAED6 /* XIBs */ = {
			isa = PBXGroup;
			children = (
				4D0C9CF21392904200430C04 /* MainWindow.xib */,
				4D0C9CF8139290CC00430C04 /* FuelCalculator.xib */,
				4D0C9D011392912100430C04 /* CarViewController.xib */,
				4D0C9D0C1392916A00430C04 /* CarConfigurationController.xib */,
				4D0C9D041392912800430C04 /* FuelEventController.xib */,
				4D0C9D071392912B00430C04 /* FuelStatisticsPageController.xib */,
				4D0C9D111392917F00430C04 /* FuelStatisticsViewController.xib */,
				4D959D09142AA0EB0079A61A /* FuelEventEditor.xib */,
			);
			name = XIBs;
			sourceTree = "<group>";
		};
		4D3F1988176B29BB003FE2C7 /* Help */ = {
			isa = PBXGroup;
			children = (
				4DA74B66176A3A7C0042DC79 /* EditFlat.png */,
				4DA74B69176A3A8B0042DC79 /* EditFlat@2x.png */,
				4DA74B76176A3C300042DC79 /* StartFlat.png */,
				4DA74B79176A3C380042DC79 /* StartFlat@2x.png */,
			);
			name = Help;
			sourceTree = "<group>";
		};
		4D630C0812EEEE3400134FD7 /* Car Configurator */ = {
			isa = PBXGroup;
			children = (
				4D184721123CF970008D7454 /* CarConfigurationController.h */,
				4D184722123CF970008D7454 /* CarConfigurationController.m */,
				4D80796212A58D480082C40A /* DemoData.h */,
				4D80796312A58D480082C40A /* DemoData.m */,
			);
			name = "Car Configurator";
			sourceTree = "<group>";
		};
		4D630C3E12EEF83500134FD7 /* Calculator */ = {
			isa = PBXGroup;
			children = (
				4D630C3F12EEF86400134FD7 /* FuelCalculatorController.h */,
				4D630C4012EEF86400134FD7 /* FuelCalculatorController.m */,
			);
			name = Calculator;
			sourceTree = "<group>";
		};
		4D8079DB12A59FBE0082C40A /* Car View */ = {
			isa = PBXGroup;
			children = (
				28C286DF0D94DF7D0034E888 /* CarViewController.h */,
				28C286E00D94DF7D0034E888 /* CarViewController.m */,
			);
			name = "Car View";
			sourceTree = "<group>";
		};
		4D8079DC12A59FE00082C40A /* FuelEvent View */ = {
			isa = PBXGroup;
			children = (
				4DE0454C123FA7AB009B19E3 /* FuelEventController.h */,
				4DE0454D123FA7AB009B19E3 /* FuelEventController.m */,
			);
			name = "FuelEvent View";
			sourceTree = "<group>";
		};
		4D8079DD12A5A0100082C40A /* InfoTables */ = {
			isa = PBXGroup;
			children = (
				4DA3BB5112F9D9B4000DBBB2 /* QuadInfoCell.h */,
				4DA3BB5212F9D9B4000DBBB2 /* QuadInfoCell.m */,
			);
			name = InfoTables;
			sourceTree = "<group>";
		};
		4D8329E31401295600E4F22F /* CSV Import */ = {
			isa = PBXGroup;
			children = (
				4D2CD38C13E70E7B00B08A49 /* CSVParser.h */,
				4D2CD38D13E70E7B00B08A49 /* CSVParser.m */,
				4D8329E4140129A500E4F22F /* CSVImporter.h */,
				4D8329E5140129A500E4F22F /* CSVImporter.m */,
			);
			name = "CSV Import";
			sourceTree = "<group>";
		};
		4DAC56211303178D00D02BEC /* PageTables */ = {
			isa = PBXGroup;
			children = (
				4DAC562813032B0F00D02BEC /* PageViewController.h */,
				4DAC562913032B1000D02BEC /* PageViewController.m */,
				4DAC5622130317DD00D02BEC /* PageCell.h */,
				4DAC5623130317DD00D02BEC /* PageCell.m */,
				4D5C57C813046B76009C545E /* PageCellDescription.h */,
				4D5C57C913046B76009C545E /* PageCellDescription.m */,
				4DCEA6D613832FE1005F8ECE /* Cells for PageTables */,
			);
			name = PageTables;
			sourceTree = "<group>";
		};
		4DCEA6D613832FE1005F8ECE /* Cells for PageTables */ = {
			isa = PBXGroup;
			children = (
				4DB4DA631368601D00AE03CC /* EditablePageCell.h */,
				4DB4DA641368601D00AE03CC /* EditablePageCell.m */,
				4D592706136DE3CF002174C8 /* EditableProxyPageCell.h */,
				4D592707136DE3CF002174C8 /* EditableProxyPageCell.m */,
				4DB4DA66136886BB00AE03CC /* EditablePageCellTextField.h */,
				4DB4DA67136886BC00AE03CC /* EditablePageCellTextField.m */,
				4D1899AC14328868001434BD /* CarSelectionCell */,
				4D1899B1143288C4001434BD /* ConsumptionCell */,
				4D1899AB14328866001434BD /* DateCell */,
				4D1899AA14328864001434BD /* NumberCell */,
				4D1899B0143288C2001434BD /* PickerCell */,
				4D1899AF143288C0001434BD /* TextCell */,
				4D1899AD1432886A001434BD /* UISwitchCell */,
			);
			name = "Cells for PageTables";
			sourceTree = "<group>";
		};
		4DDC18771429EC4400383F92 /* FuelEvent Editor */ = {
			isa = PBXGroup;
			children = (
				4DDC18781429EC8200383F92 /* FuelEventEditorController.h */,
				4DDC18791429EC8200383F92 /* FuelEventEditorController.m */,
			);
			name = "FuelEvent Editor";
			sourceTree = "<group>";
		};
		4DE9620512CA3A20007E7E16 /* FuelEvent Statistics */ = {
			isa = PBXGroup;
			children = (
				4D58AD2212B00C4A002B7A71 /* FuelStatisticsPageController.h */,
				4D58AD2312B00C4A002B7A71 /* FuelStatisticsPageController.m */,
				4D0B2FFB1780D1EE00644289 /* FuelStatisticsScrollView.h */,
				4D0B2FFC1780D1EE00644289 /* FuelStatisticsScrollView.m */,
				4D0B2FFD1780D1F900644289 /* Content Controllers */,
			);
			name = "FuelEvent Statistics";
			sourceTree = "<group>";
		};
/* End PBXGroup section */

/* Begin PBXNativeTarget section */
		1D6058900D05DD3D006BFB54 /* kraftstoff */ = {
			isa = PBXNativeTarget;
			buildConfigurationList = 1D6058960D05DD3E006BFB54 /* Build configuration list for PBXNativeTarget "kraftstoff" */;
			buildPhases = (
				1D60588D0D05DD3D006BFB54 /* Resources */,
				1D60588E0D05DD3D006BFB54 /* Sources */,
				1D60588F0D05DD3D006BFB54 /* Frameworks */,
				4D26882B15DC0F600043F286 /* ShellScript */,
			);
			buildRules = (
			);
			dependencies = (
			);
			name = kraftstoff;
			productName = Kraftstoffrechner;
			productReference = 1D6058910D05DD3D006BFB54 /* kraftstoff.app */;
			productType = "com.apple.product-type.application";
		};
/* End PBXNativeTarget section */

/* Begin PBXProject section */
		29B97313FDCFA39411CA2CEA /* Project object */ = {
			isa = PBXProject;
			attributes = {
				LastUpgradeCheck = 0630;
			};
			buildConfigurationList = C01FCF4E08A954540054247B /* Build configuration list for PBXProject "kraftstoff" */;
			compatibilityVersion = "Xcode 3.2";
			developmentRegion = en;
			hasScannedForEncodings = 1;
			knownRegions = (
				en,
				Japanese,
				French,
				German,
				en,
				de,
			);
			mainGroup = 29B97314FDCFA39411CA2CEA /* CustomTemplate */;
			projectDirPath = "";
			projectRoot = "";
			targets = (
				1D6058900D05DD3D006BFB54 /* kraftstoff */,
			);
		};
/* End PBXProject section */

/* Begin PBXResourcesBuildPhase section */
		1D60588D0D05DD3D006BFB54 /* Resources */ = {
			isa = PBXResourcesBuildPhase;
			buildActionMask = 2147483647;
			files = (
				4D2199BE124608EE00FCED15 /* iTunesArtwork in Resources */,
				4DA74B67176A3A8B0042DC79 /* EditFlat@2x.png in Resources */,
				4D3F199C176B2B5F003FE2C7 /* Media.xcassets in Resources */,
				4DA74B64176A3A7C0042DC79 /* EditFlat.png in Resources */,
				4DCFE36A138EE2930051FEC9 /* Localizable.strings in Resources */,
				4D0C9CF01392904200430C04 /* MainWindow.xib in Resources */,
				4D0C9CF6139290CC00430C04 /* FuelCalculator.xib in Resources */,
				4D0C9CFF1392912100430C04 /* CarViewController.xib in Resources */,
				4D0C9D021392912800430C04 /* FuelEventController.xib in Resources */,
				4D0C9D051392912B00430C04 /* FuelStatisticsPageController.xib in Resources */,
				4D0C9D0A1392916A00430C04 /* CarConfigurationController.xib in Resources */,
				4D0C9D0F1392917F00430C04 /* FuelStatisticsViewController.xib in Resources */,
				4D959D07142AA0EB0079A61A /* FuelEventEditor.xib in Resources */,
				4D1B06CF14339BB70069B20A /* InfoPlist.strings in Resources */,
				4DA74B74176A3C300042DC79 /* StartFlat.png in Resources */,
				4DA74B77176A3C380042DC79 /* StartFlat@2x.png in Resources */,
			);
			runOnlyForDeploymentPostprocessing = 0;
		};
/* End PBXResourcesBuildPhase section */

/* Begin PBXShellScriptBuildPhase section */
		4D26882B15DC0F600043F286 /* ShellScript */ = {
			isa = PBXShellScriptBuildPhase;
			buildActionMask = 2147483647;
			files = (
			);
			inputPaths = (
			);
			outputPaths = (
			);
			runOnlyForDeploymentPostprocessing = 0;
			shellPath = /bin/sh;
			shellScript = "buildNumber=$(/usr/libexec/PlistBuddy -c \"Print CFBundleVersion\" ${INFOPLIST_FILE})\nbuildNumber=$(($buildNumber + 1))\n/usr/libexec/PlistBuddy -c \"Set :CFBundleVersion $buildNumber\" ${INFOPLIST_FILE}";
		};
/* End PBXShellScriptBuildPhase section */

/* Begin PBXSourcesBuildPhase section */
		1D60588E0D05DD3D006BFB54 /* Sources */ = {
			isa = PBXSourcesBuildPhase;
			buildActionMask = 2147483647;
			files = (
				1D3623260D0F684500981E51 /* AppDelegate.m in Sources */,
				28C286E10D94DF7D0034E888 /* CarViewController.m in Sources */,
				4D184724123CF970008D7454 /* CarConfigurationController.m in Sources */,
				4DE0454F123FA7AB009B19E3 /* FuelEventController.m in Sources */,
				4D80796412A58D480082C40A /* DemoData.m in Sources */,
				4D58AD2512B00C4A002B7A71 /* FuelStatisticsPageController.m in Sources */,
				4DE963BA12CD045C007E7E16 /* FuelStatisticsViewController.m in Sources */,
				4D630C4112EEF86400134FD7 /* FuelCalculatorController.m in Sources */,
				4DA3BB5312F9D9B4000DBBB2 /* QuadInfoCell.m in Sources */,
				4DAC5626130317DD00D02BEC /* PageCell.m in Sources */,
				4DAC562A13032B1300D02BEC /* PageViewController.m in Sources */,
				4D5C57CA13046B76009C545E /* PageCellDescription.m in Sources */,
				4D0B2FFE1780D2B500644289 /* FuelStatisticsScrollView.m in Sources */,
				4D5C57CD13047AAA009C545E /* NumberEditTableCell.m in Sources */,
				4DB4DA541367154C00AE03CC /* DateEditTableCell.m in Sources */,
				4DB4DA651368601D00AE03CC /* EditablePageCell.m in Sources */,
				4DB4DA68136886BC00AE03CC /* EditablePageCellTextField.m in Sources */,
				4D84D8AC136AAC95000F431F /* ConsumptionTableCell.m in Sources */,
				4D84D8AF136B17BF000F431F /* CarTableCell.m in Sources */,
				4DD5EE7D136DC90A00A2EF99 /* PickerImageView.m in Sources */,
				4D592708136DE3CF002174C8 /* EditableProxyPageCell.m in Sources */,
				4D092C7D13956FB000760FB7 /* TextEditTableCell.m in Sources */,
				4DE5E432139A2D4E007EDB10 /* PickerTableCell.m in Sources */,
				4D7D4EC213A6092B002277A3 /* ConsumptionLabel.m in Sources */,
				4D19187113BF9A8300ADAED6 /* SwitchTableCell.m in Sources */,
				4DF6DACD13C2868300703A1F /* AppWindow.m in Sources */,
				4D2CD38E13E70E7B00B08A49 /* CSVParser.m in Sources */,
				4D8329E6140129A500E4F22F /* CSVImporter.m in Sources */,
				4DDC187A1429EC8200383F92 /* FuelEventEditorController.m in Sources */,
				4D92C9D014324BA50092CF57 /* NSDecimalNumber+Kraftstoff.m in Sources */,
				4D1899B614328AC0001434BD /* main.m in Sources */,
				4D8DF13D150CE7E00088DDDC /* FuelStatisticsGraphViewController.m in Sources */,
				4D8DF146150D58D20088DDDC /* FuelStatisticsTextViewController.m in Sources */,
				4D0B7ACD15A9F2DF0012A62B /* NSDate+Kraftstoff.m in Sources */,
				4D4EF383182450B1006A9DAE /* NSString+Kraftstoff.m in Sources */,
				4DAAF4A115B4A41B0016FAD6 /* NonRotatingTabBarController.m in Sources */,
				4D2CF10E15D69B33003962B7 /* Kraftstoffrechner.xcdatamodeld in Sources */,
			);
			runOnlyForDeploymentPostprocessing = 0;
		};
/* End PBXSourcesBuildPhase section */

/* Begin PBXVariantGroup section */
		4D0C9CF21392904200430C04 /* MainWindow.xib */ = {
			isa = PBXVariantGroup;
			children = (
				4D0C9CF11392904200430C04 /* en */,
				4D0C9CF31392905B00430C04 /* de */,
			);
			name = MainWindow.xib;
			sourceTree = "<group>";
		};
		4D0C9CF8139290CC00430C04 /* FuelCalculator.xib */ = {
			isa = PBXVariantGroup;
			children = (
				4D0C9CF7139290CC00430C04 /* en */,
			);
			name = FuelCalculator.xib;
			sourceTree = "<group>";
		};
		4D0C9D011392912100430C04 /* CarViewController.xib */ = {
			isa = PBXVariantGroup;
			children = (
				4D0C9D001392912100430C04 /* en */,
			);
			name = CarViewController.xib;
			sourceTree = "<group>";
		};
		4D0C9D041392912800430C04 /* FuelEventController.xib */ = {
			isa = PBXVariantGroup;
			children = (
				4D0C9D031392912800430C04 /* en */,
			);
			name = FuelEventController.xib;
			sourceTree = "<group>";
		};
		4D0C9D071392912B00430C04 /* FuelStatisticsPageController.xib */ = {
			isa = PBXVariantGroup;
			children = (
				4D0C9D061392912B00430C04 /* en */,
			);
			name = FuelStatisticsPageController.xib;
			sourceTree = "<group>";
		};
		4D0C9D0C1392916A00430C04 /* CarConfigurationController.xib */ = {
			isa = PBXVariantGroup;
			children = (
				4D0C9D0B1392916A00430C04 /* en */,
			);
			name = CarConfigurationController.xib;
			sourceTree = "<group>";
		};
		4D0C9D111392917F00430C04 /* FuelStatisticsViewController.xib */ = {
			isa = PBXVariantGroup;
			children = (
				4D0C9D101392917F00430C04 /* en */,
				4D0C9D12139291A600430C04 /* de */,
			);
			name = FuelStatisticsViewController.xib;
			sourceTree = "<group>";
		};
		4D1B06D114339BB70069B20A /* InfoPlist.strings */ = {
			isa = PBXVariantGroup;
			children = (
				4D1B06D014339BB70069B20A /* en */,
				4D1B06D214339BBD0069B20A /* de */,
			);
			name = InfoPlist.strings;
			sourceTree = "<group>";
		};
		4D959D09142AA0EB0079A61A /* FuelEventEditor.xib */ = {
			isa = PBXVariantGroup;
			children = (
				4D959D08142AA0EB0079A61A /* en */,
			);
			name = FuelEventEditor.xib;
			sourceTree = "<group>";
		};
		4DA74B66176A3A7C0042DC79 /* EditFlat.png */ = {
			isa = PBXVariantGroup;
			children = (
				4DA74B65176A3A7C0042DC79 /* en */,
				4DA74B6E176A3B5E0042DC79 /* de */,
			);
			name = EditFlat.png;
			sourceTree = "<group>";
		};
		4DA74B69176A3A8B0042DC79 /* EditFlat@2x.png */ = {
			isa = PBXVariantGroup;
			children = (
				4DA74B68176A3A8B0042DC79 /* en */,
				4DA74B6F176A3B5E0042DC79 /* de */,
			);
			name = "EditFlat@2x.png";
			sourceTree = "<group>";
		};
		4DA74B76176A3C300042DC79 /* StartFlat.png */ = {
			isa = PBXVariantGroup;
			children = (
				4DA74B75176A3C300042DC79 /* en */,
				4DA74B7A176A3C7A0042DC79 /* de */,
			);
			name = StartFlat.png;
			sourceTree = "<group>";
		};
		4DA74B79176A3C380042DC79 /* StartFlat@2x.png */ = {
			isa = PBXVariantGroup;
			children = (
				4DA74B78176A3C380042DC79 /* en */,
				4DA74B7B176A3C7A0042DC79 /* de */,
			);
			name = "StartFlat@2x.png";
			sourceTree = "<group>";
		};
		4DCFE36C138EE2930051FEC9 /* Localizable.strings */ = {
			isa = PBXVariantGroup;
			children = (
				4DCFE36B138EE2930051FEC9 /* en */,
				4DCFE36D138EE2AB0051FEC9 /* de */,
			);
			name = Localizable.strings;
			sourceTree = "<group>";
		};
/* End PBXVariantGroup section */

/* Begin XCBuildConfiguration section */
		1D6058940D05DD3E006BFB54 /* Debug */ = {
			isa = XCBuildConfiguration;
			buildSettings = {
				ALWAYS_SEARCH_USER_PATHS = NO;
				ASSETCATALOG_COMPILER_APPICON_NAME = AppIcon;
				ASSETCATALOG_COMPILER_LAUNCHIMAGE_NAME = LaunchImage;
				CLANG_ENABLE_OBJC_ARC = YES;
				COPY_PHASE_STRIP = NO;
				GCC_DYNAMIC_NO_PIC = NO;
				GCC_OPTIMIZATION_LEVEL = 0;
				INFOPLIST_FILE = "kraftstoff-Info.plist";
				PRODUCT_NAME = kraftstoff;
			};
			name = Debug;
		};
		1D6058950D05DD3E006BFB54 /* Release */ = {
			isa = XCBuildConfiguration;
			buildSettings = {
				ALWAYS_SEARCH_USER_PATHS = NO;
				ASSETCATALOG_COMPILER_APPICON_NAME = AppIcon;
				ASSETCATALOG_COMPILER_LAUNCHIMAGE_NAME = LaunchImage;
				CLANG_ENABLE_OBJC_ARC = YES;
				INFOPLIST_FILE = "kraftstoff-Info.plist";
				PRODUCT_NAME = kraftstoff;
				VALIDATE_PRODUCT = YES;
			};
			name = Release;
		};
		C01FCF4F08A954540054247B /* Debug */ = {
			isa = XCBuildConfiguration;
			buildSettings = {
				CLANG_ENABLE_MODULES = YES;
				CODE_SIGN_IDENTITY = "iPhone Developer";
				"CODE_SIGN_IDENTITY[sdk=iphoneos*]" = "iPhone Developer";
				GCC_C_LANGUAGE_STANDARD = c99;
				GCC_VERSION = "";
				GCC_WARN_ABOUT_MISSING_PROTOTYPES = YES;
				GCC_WARN_ABOUT_RETURN_TYPE = YES;
				GCC_WARN_UNUSED_VARIABLE = YES;
				IPHONEOS_DEPLOYMENT_TARGET = 8.0;
				ONLY_ACTIVE_ARCH = YES;
				PROVISIONING_PROFILE = "";
				"PROVISIONING_PROFILE[sdk=iphoneos*]" = "";
				SDKROOT = iphoneos;
			};
			name = Debug;
		};
		C01FCF5008A954540054247B /* Release */ = {
			isa = XCBuildConfiguration;
			buildSettings = {
				CLANG_ENABLE_MODULES = YES;
				CODE_SIGN_IDENTITY = "iPhone Distribution";
				"CODE_SIGN_IDENTITY[sdk=iphoneos*]" = "iPhone Distribution";
				GCC_C_LANGUAGE_STANDARD = c99;
				GCC_VERSION = "";
				GCC_WARN_ABOUT_MISSING_PROTOTYPES = YES;
				GCC_WARN_ABOUT_RETURN_TYPE = YES;
				GCC_WARN_UNUSED_VARIABLE = YES;
				IPHONEOS_DEPLOYMENT_TARGET = 8.0;
				OTHER_CFLAGS = "-DNS_BLOCK_ASSERTIONS=1";
				PROVISIONING_PROFILE = "";
				"PROVISIONING_PROFILE[sdk=iphoneos*]" = "";
				SDKROOT = iphoneos;
			};
			name = Release;
		};
/* End XCBuildConfiguration section */

/* Begin XCConfigurationList section */
		1D6058960D05DD3E006BFB54 /* Build configuration list for PBXNativeTarget "kraftstoff" */ = {
			isa = XCConfigurationList;
			buildConfigurations = (
				1D6058940D05DD3E006BFB54 /* Debug */,
				1D6058950D05DD3E006BFB54 /* Release */,
			);
			defaultConfigurationIsVisible = 0;
			defaultConfigurationName = Release;
		};
		C01FCF4E08A954540054247B /* Build configuration list for PBXProject "kraftstoff" */ = {
			isa = XCConfigurationList;
			buildConfigurations = (
				C01FCF4F08A954540054247B /* Debug */,
				C01FCF5008A954540054247B /* Release */,
			);
			defaultConfigurationIsVisible = 0;
			defaultConfigurationName = Release;
		};
/* End XCConfigurationList section */

/* Begin XCVersionGroup section */
		4D2CF10C15D69B33003962B7 /* Kraftstoffrechner.xcdatamodeld */ = {
			isa = XCVersionGroup;
			children = (
				4D5B94E216484CC2008BDDD7 /* Kraftstoffrechner 1.0.10.xcdatamodel */,
				4D2CF10D15D69B33003962B7 /* Kraftstoffrechner.xcdatamodel */,
			);
			currentVersion = 4D5B94E216484CC2008BDDD7 /* Kraftstoffrechner 1.0.10.xcdatamodel */;
			path = Kraftstoffrechner.xcdatamodeld;
			sourceTree = "<group>";
			versionGroupType = wrapper.xcdatamodel;
		};
/* End XCVersionGroup section */
	};
	rootObject = 29B97313FDCFA39411CA2CEA /* Project object */;
}
