PODS:
  - IceCream (1.3.2):
    - RealmSwift
  - Realm (3.3.0):
    - Realm/Headers (= 3.3.0)
  - Realm/Headers (3.3.0)
  - RealmSwift (3.3.0):
    - Realm (= 3.3.0)

DEPENDENCIES:
  - IceCream
  - RealmSwift

SPEC REPOS:
  https://github.com/CocoaPods/Specs.git:
    - IceCream
    - Realm
    - RealmSwift

SPEC CHECKSUMS:
  IceCream: 1649af2b9e8237e8e07b651f31838a903da948f0
  Realm: 7d74ad6c5020432f58fe5e1df90bb6d97b2c7fef
  RealmSwift: b2fa31a09c22e246026766557405505eeaad2b01

PODFILE CHECKSUM: f87eb5a17e9bd511807a2ad02a5574858a2bd89a

COCOAPODS: 1.5.0.beta.1
