PODS:
  - IceCream (1.1.0):
    - RealmSwift
  - Realm (3.1.0):
    - Realm/Headers (= 3.1.0)
  - Realm/Headers (3.1.0)
  - RealmSwift (3.1.0):
    - Realm (= 3.1.0)

DEPENDENCIES:
  - IceCream
  - RealmSwift

SPEC CHECKSUMS:
  IceCream: e45b54b9eeb609fa284aab7098dbab346e937aa1
  Realm: 09513d7c054678d65cd02ce09871f805b0d758ac
  RealmSwift: e868fee9b10e5490ad94b6b6ecd9027944da1824

PODFILE CHECKSUM: 3ee386129a745f1490397bc59c1ce627bbecf76d

COCOAPODS: 1.4.0
