PODS:
  - IceCream (1.5.0):
    - RealmSwift
  - Realm (3.7.5):
    - Realm/Headers (= 3.7.5)
  - Realm/Headers (3.7.5)
  - RealmSwift (3.7.5):
    - Realm (= 3.7.5)

DEPENDENCIES:
  - IceCream
  - RealmSwift

SPEC REPOS:
  https://github.com/cocoapods/specs.git:
    - IceCream
    - Realm
    - RealmSwift

SPEC CHECKSUMS:
  IceCream: 8c2d37f5de8341e5016b30f54ddd4489b8e707a8
  Realm: c286caf4dbf346ce24aad49ca76c7ce622d4a082
  RealmSwift: 2a9281e37d6de55f66f76254d49d28aeb1b729e4

PODFILE CHECKSUM: f87eb5a17e9bd511807a2ad02a5574858a2bd89a

COCOAPODS: 1.5.3
