{
  "object": {
    "pins": [
      {
        "package": "ASN1Swift",
        "repositoryURL": "https://github.com/tikhop/ASN1Swift",
        "state": {
          "branch": null,
          "revision": "0f3150de37d38190768caaff19c498d85efad715",
          "version": "1.2.3"
        }
      },
      {
        "package": "TPInAppReceipt",
        "repositoryURL": "https://github.com/tikhop/TPInAppReceipt",
        "state": {
          "branch": null,
          "revision": "7ce38837eff4b464960af65a05bf99ad5059f9d7",
          "version": "3.0.1"
        }
      }
    ]
  },
  "version": 1
}
