{
  "object": {
    "pins": [
      {
        "package": "TPInAppReceipt",
        "repositoryURL": "https://github.com/tikhop/TPInAppReceipt",
        "state": {
          "branch": null,
          "revision": "a10347ae5dcafbacc36b418bf4a87b9eba742650",
          "version": "2.3.3"
        }
      }
    ]
  },
  "version": 1
}
