{
  "object": {
    "pins": [
      {
        "package": "TPInAppReceipt",
        "repositoryURL": "https://github.com/tikhop/TPInAppReceipt",
        "state": {
          "branch": null,
          "revision": "61591a73792280d73baade63f2429b87e0659125",
          "version": "2.6.2"
        }
      }
    ]
  },
  "version": 1
}
